# THIS IS AN AUTOGENERATED FILE. DO NOT EDIT THIS FILE DIRECTLY.
# yarn lockfile v1
clear:
  version "0.0.1"
  resolved "https://registry.yarnpkg.com/clear/-/clear-0.0.1.tgz#e5186e229d99448179c130311b6f9d30bff6b0ba"

jsonparse@^1.2.0:
  version "1.3.0"
  resolved "https://registry.yarnpkg.com/jsonparse/-/jsonparse-1.3.0.tgz#85fc245b1d9259acc6941960b905adf64e7de0e8"

JSONStream:
  version "1.3.1"
  resolved "https://registry.yarnpkg.com/JSONStream/-/JSONStream-1.3.1.tgz#707f761e01dae9e16f1bcf93703b78c70966579a"
  dependencies:
    jsonparse "^1.2.0"
    through ">=2.2.7 <3"

numeral:
  version "2.0.4"
  resolved "https://registry.yarnpkg.com/numeral/-/numeral-2.0.4.tgz#545a0c709e090a9cf79bebec802b93f60061f038"

"through@>=2.2.7 <3":
  version "2.3.8"
  resolved "https://registry.yarnpkg.com/through/-/through-2.3.8.tgz#0dd4c9ffaabc357960b1b724115d7e0e86a2e1f5"

underscore:
  version "1.8.3"
  resolved "https://registry.yarnpkg.com/underscore/-/underscore-1.8.3.tgz#4f3fb53b106e6097fcf9cb4109f2a5e9bdfa5022"

